
Microsoft Visual Studio Solution File, Format Version 12.00
# Visual Studio Version 17
VisualStudioVersion = 17.0.32112.339
MinimumVisualStudioVersion = 10.0.40219.1
Project("{9A19103F-16F7-4668-BE54-9A1E7A4F7556}") = "Haxbot", "Haxbot\Haxbot.csproj", "{329DD529-D656-412B-9533-4161F4CBD6C2}"
EndProject
Project("{9A19103F-16F7-4668-BE54-9A1E7A4F7556}") = "Bot", "Bot\Bot.csproj", "{BF52753B-C760-49B8-A962-912E4827AD7E}"
EndProject
Project("{9A19103F-16F7-4668-BE54-9A1E7A4F7556}") = "CLI", "CLI\CLI.csproj", "{4928C6E5-E6FF-4962-A4A5-BC657F162A87}"
EndProject
Project("{FAE04EC0-301F-11D3-BF4B-00C04F79EFBC}") = "HaxbotTests", "HaxbotTests\HaxbotTests.csproj", "{8BC0B3C5-E39F-4A01-80CB-761D469EA114}"
EndProject
Global
	GlobalSection(SolutionConfigurationPlatforms) = preSolution
		Debug|Any CPU = Debug|Any CPU
		Release|Any CPU = Release|Any CPU
	EndGlobalSection
	GlobalSection(ProjectConfigurationPlatforms) = postSolution
		{329DD529-D656-412B-9533-4161F4CBD6C2}.Debug|Any CPU.ActiveCfg = Debug|Any CPU
		{329DD529-D656-412B-9533-4161F4CBD6C2}.Debug|Any CPU.Build.0 = Debug|Any CPU
		{329DD529-D656-412B-9533-4161F4CBD6C2}.Release|Any CPU.ActiveCfg = Release|Any CPU
		{329DD529-D656-412B-9533-4161F4CBD6C2}.Release|Any CPU.Build.0 = Release|Any CPU
		{BF52753B-C760-49B8-A962-912E4827AD7E}.Debug|Any CPU.ActiveCfg = Debug|Any CPU
		{BF52753B-C760-49B8-A962-912E4827AD7E}.Debug|Any CPU.Build.0 = Debug|Any CPU
		{BF52753B-C760-49B8-A962-912E4827AD7E}.Release|Any CPU.ActiveCfg = Release|Any CPU
		{BF52753B-C760-49B8-A962-912E4827AD7E}.Release|Any CPU.Build.0 = Release|Any CPU
		{4928C6E5-E6FF-4962-A4A5-BC657F162A87}.Debug|Any CPU.ActiveCfg = Debug|Any CPU
		{4928C6E5-E6FF-4962-A4A5-BC657F162A87}.Debug|Any CPU.Build.0 = Debug|Any CPU
		{4928C6E5-E6FF-4962-A4A5-BC657F162A87}.Release|Any CPU.ActiveCfg = Release|Any CPU
		{4928C6E5-E6FF-4962-A4A5-BC657F162A87}.Release|Any CPU.Build.0 = Release|Any CPU
		{8BC0B3C5-E39F-4A01-80CB-761D469EA114}.Debug|Any CPU.ActiveCfg = Debug|Any CPU
		{8BC0B3C5-E39F-4A01-80CB-761D469EA114}.Debug|Any CPU.Build.0 = Debug|Any CPU
		{8BC0B3C5-E39F-4A01-80CB-761D469EA114}.Release|Any CPU.ActiveCfg = Release|Any CPU
		{8BC0B3C5-E39F-4A01-80CB-761D469EA114}.Release|Any CPU.Build.0 = Release|Any CPU
	EndGlobalSection
	GlobalSection(SolutionProperties) = preSolution
		HideSolutionNode = FALSE
	EndGlobalSection
	GlobalSection(ExtensibilityGlobals) = postSolution
		SolutionGuid = {FA8A2955-436F-4242-B3F2-BE220E999254}
	EndGlobalSection
EndGlobal
